// !$*UTF8*$!
{
	archiveVersion = 1;
	classes = {
	};
	objectVersion = 56;
	objects = {

/* Begin PBXBuildFile section */
		220976EA2B27630D0027E6C6 /* GoogleService-Info.plist in Resources */ = {isa = PBXBuildFile; fileRef = 220976E92B27630C0027E6C6 /* GoogleService-Info.plist */; };
		220976ED2B2764450027E6C6 /* FirebaseAnalytics in Frameworks */ = {isa = PBXBuildFile; productRef = 220976EC2B2764450027E6C6 /* FirebaseAnalytics */; };
		220976EF2B2764450027E6C6 /* FirebaseAnalyticsOnDeviceConversion in Frameworks */ = {isa = PBXBuildFile; productRef = 220976EE2B2764450027E6C6 /* FirebaseAnalyticsOnDeviceConversion */; };
		220976F12B2764450027E6C6 /* FirebaseAnalyticsSwift in Frameworks */ = {isa = PBXBuildFile; productRef = 220976F02B2764450027E6C6 /* FirebaseAnalyticsSwift */; };
		220976F32B2764450027E6C6 /* FirebaseAuth in Frameworks */ = {isa = PBXBuildFile; productRef = 220976F22B2764450027E6C6 /* FirebaseAuth */; };
		220976F52B2764450027E6C6 /* FirebaseFirestore in Frameworks */ = {isa = PBXBuildFile; productRef = 220976F42B2764450027E6C6 /* FirebaseFirestore */; };
		220976F72B2764450027E6C6 /* FirebaseStorage in Frameworks */ = {isa = PBXBuildFile; productRef = 220976F62B2764450027E6C6 /* FirebaseStorage */; };
		220976F92B2764730027E6C6 /* FirebaseAnalyticsWithoutAdIdSupport in Frameworks */ = {isa = PBXBuildFile; productRef = 220976F82B2764730027E6C6 /* FirebaseAnalyticsWithoutAdIdSupport */; };
		222C4C402B14E342006FC90B /* GroupsViewController.swift in Sources */ = {isa = PBXBuildFile; fileRef = 222C4C3F2B14E342006FC90B /* GroupsViewController.swift */; };
		222C4C422B14E391006FC90B /* DailyQuestionViewController.swift in Sources */ = {isa = PBXBuildFile; fileRef = 222C4C412B14E391006FC90B /* DailyQuestionViewController.swift */; };
		222C4C442B14E3B5006FC90B /* SweepstakesViewController.swift in Sources */ = {isa = PBXBuildFile; fileRef = 222C4C432B14E3B5006FC90B /* SweepstakesViewController.swift */; };
		222C4C462B14E41F006FC90B /* ShopViewController.swift in Sources */ = {isa = PBXBuildFile; fileRef = 222C4C452B14E41F006FC90B /* ShopViewController.swift */; };
		22359DD62B6C7B71003D3520 /* User.swift in Sources */ = {isa = PBXBuildFile; fileRef = 22359DD52B6C7B71003D3520 /* User.swift */; };
		22359DDB2B6C9BE3003D3520 /* OnboardingManager.swift in Sources */ = {isa = PBXBuildFile; fileRef = 22359DDA2B6C9BE3003D3520 /* OnboardingManager.swift */; };
		22359DDD2B6CB431003D3520 /* OnboardingData.swift in Sources */ = {isa = PBXBuildFile; fileRef = 22359DDC2B6CB431003D3520 /* OnboardingData.swift */; };
		22359DE02B6E995C003D3520 /* GroupRequestTableViewCell.swift in Sources */ = {isa = PBXBuildFile; fileRef = 22359DDE2B6E995C003D3520 /* GroupRequestTableViewCell.swift */; };
		22359DE12B6E995C003D3520 /* GroupRequestTableViewCell.xib in Resources */ = {isa = PBXBuildFile; fileRef = 22359DDF2B6E995C003D3520 /* GroupRequestTableViewCell.xib */; };
		22359DE32B6E9C8D003D3520 /* GroupRequestsViewController.swift in Sources */ = {isa = PBXBuildFile; fileRef = 22359DE22B6E9C8D003D3520 /* GroupRequestsViewController.swift */; };
		22359DE62B6E9F09003D3520 /* ContactsTableViewCell.swift in Sources */ = {isa = PBXBuildFile; fileRef = 22359DE42B6E9F09003D3520 /* ContactsTableViewCell.swift */; };
		22359DE72B6E9F09003D3520 /* ContactsTableViewCell.xib in Resources */ = {isa = PBXBuildFile; fileRef = 22359DE52B6E9F09003D3520 /* ContactsTableViewCell.xib */; };
		22359DE92B6EA132003D3520 /* ContactsViewController.swift in Sources */ = {isa = PBXBuildFile; fileRef = 22359DE82B6EA132003D3520 /* ContactsViewController.swift */; };
		223EA0832AEED76F0055F94B /* CircularProgressBar.swift in Sources */ = {isa = PBXBuildFile; fileRef = 223EA0822AEED76F0055F94B /* CircularProgressBar.swift */; };
		223EA0862AEEDB290055F94B /* IconWithTextView.swift in Sources */ = {isa = PBXBuildFile; fileRef = 223EA0852AEEDB290055F94B /* IconWithTextView.swift */; };
		223EA0882AEEDCA60055F94B /* SegmentedProgressBar.swift in Sources */ = {isa = PBXBuildFile; fileRef = 223EA0872AEEDCA60055F94B /* SegmentedProgressBar.swift */; };
		223EA08A2AEFF6D70055F94B /* SignUpInitialPhoneViewController.swift in Sources */ = {isa = PBXBuildFile; fileRef = 223EA0892AEFF6D70055F94B /* SignUpInitialPhoneViewController.swift */; };
		2263D2102AF8A11200D2E136 /* LandingRootViewController.swift in Sources */ = {isa = PBXBuildFile; fileRef = 2263D20F2AF8A11200D2E136 /* LandingRootViewController.swift */; };
		2263D2122AF91BD100D2E136 /* SignUpPhoneViewController.swift in Sources */ = {isa = PBXBuildFile; fileRef = 2263D2112AF91BD100D2E136 /* SignUpPhoneViewController.swift */; };
		2263D2142AF91C5500D2E136 /* SignUpUsernamePasswordViewController.swift in Sources */ = {isa = PBXBuildFile; fileRef = 2263D2132AF91C5500D2E136 /* SignUpUsernamePasswordViewController.swift */; };
		2263D2162AF91D8400D2E136 /* SignupBirthdateViewController.swift in Sources */ = {isa = PBXBuildFile; fileRef = 2263D2152AF91D8400D2E136 /* SignupBirthdateViewController.swift */; };
		2263D2182AF91E6900D2E136 /* SignUpReminderViewController.swift in Sources */ = {isa = PBXBuildFile; fileRef = 2263D2172AF91E6900D2E136 /* SignUpReminderViewController.swift */; };
		2263D21A2AF91FEB00D2E136 /* SignUpVerificationViewController.swift in Sources */ = {isa = PBXBuildFile; fileRef = 2263D2192AF91FEB00D2E136 /* SignUpVerificationViewController.swift */; };
		2263D21C2AF926CB00D2E136 /* RootTabBarController.swift in Sources */ = {isa = PBXBuildFile; fileRef = 2263D21B2AF926CB00D2E136 /* RootTabBarController.swift */; };
		227D0F9F2B1E17890001E568 /* DailyQuestionContainerViewController.swift in Sources */ = {isa = PBXBuildFile; fileRef = 227D0F9E2B1E17890001E568 /* DailyQuestionContainerViewController.swift */; };
		229BB4962B8177FF00959B3F /* SubmitQuestionViewController.swift in Sources */ = {isa = PBXBuildFile; fileRef = 229BB4952B8177FF00959B3F /* SubmitQuestionViewController.swift */; };
		229C49FA2B14E0D100C8E065 /* HomeStatsViewController.swift in Sources */ = {isa = PBXBuildFile; fileRef = 229C49F92B14E0D100C8E065 /* HomeStatsViewController.swift */; };
		229C49FD2B14E11800C8E065 /* ExtUITabBarController.swift in Sources */ = {isa = PBXBuildFile; fileRef = 229C49FC2B14E11800C8E065 /* ExtUITabBarController.swift */; };
		22AD2D2E2ADF583000B3B1A8 /* AppDelegate.swift in Sources */ = {isa = PBXBuildFile; fileRef = 22AD2D2D2ADF583000B3B1A8 /* AppDelegate.swift */; };
		22AD2D302ADF583000B3B1A8 /* SceneDelegate.swift in Sources */ = {isa = PBXBuildFile; fileRef = 22AD2D2F2ADF583000B3B1A8 /* SceneDelegate.swift */; };
		22AD2D322ADF583000B3B1A8 /* PushStandViewController.swift in Sources */ = {isa = PBXBuildFile; fileRef = 22AD2D312ADF583000B3B1A8 /* PushStandViewController.swift */; };
		22AD2D352ADF583000B3B1A8 /* Main.storyboard in Resources */ = {isa = PBXBuildFile; fileRef = 22AD2D332ADF583000B3B1A8 /* Main.storyboard */; };
		22AD2D382ADF583000B3B1A8 /* Push_Stand.xcdatamodeld in Sources */ = {isa = PBXBuildFile; fileRef = 22AD2D362ADF583000B3B1A8 /* Push_Stand.xcdatamodeld */; };
		22AD2D3A2ADF583300B3B1A8 /* Assets.xcassets in Resources */ = {isa = PBXBuildFile; fileRef = 22AD2D392ADF583300B3B1A8 /* Assets.xcassets */; };
		22AD2D3D2ADF583300B3B1A8 /* LaunchScreen.storyboard in Resources */ = {isa = PBXBuildFile; fileRef = 22AD2D3B2ADF583300B3B1A8 /* LaunchScreen.storyboard */; };
		22AD2D482ADF583400B3B1A8 /* Push_StandTests.swift in Sources */ = {isa = PBXBuildFile; fileRef = 22AD2D472ADF583400B3B1A8 /* Push_StandTests.swift */; };
		22AD2D522ADF583400B3B1A8 /* Push_StandUITests.swift in Sources */ = {isa = PBXBuildFile; fileRef = 22AD2D512ADF583400B3B1A8 /* Push_StandUITests.swift */; };
		22AD2D542ADF583400B3B1A8 /* Push_StandUITestsLaunchTests.swift in Sources */ = {isa = PBXBuildFile; fileRef = 22AD2D532ADF583400B3B1A8 /* Push_StandUITestsLaunchTests.swift */; };
		22B8D2222B5C117000448D01 /* ExtUIViewController.swift in Sources */ = {isa = PBXBuildFile; fileRef = 22B8D2212B5C117000448D01 /* ExtUIViewController.swift */; };
		22B8EA1A2B3CD8C100FC9257 /* AccountViewController.swift in Sources */ = {isa = PBXBuildFile; fileRef = 22B8EA192B3CD8C100FC9257 /* AccountViewController.swift */; };
		22B8EA1D2B3DD53300FC9257 /* CurrentUser.swift in Sources */ = {isa = PBXBuildFile; fileRef = 22B8EA1C2B3DD53300FC9257 /* CurrentUser.swift */; };
		22C7F3D22BAFC2B400F5BE9A /* TermsOfServiceViewController.swift in Sources */ = {isa = PBXBuildFile; fileRef = 22C7F3D12BAFC2B400F5BE9A /* TermsOfServiceViewController.swift */; };
		22C7F3D42BAFC34800F5BE9A /* PrivacyPolicyViewController.swift in Sources */ = {isa = PBXBuildFile; fileRef = 22C7F3D32BAFC34800F5BE9A /* PrivacyPolicyViewController.swift */; };
		22C7F3D62BC58F0500F5BE9A /* AccountEmailViewController.swift in Sources */ = {isa = PBXBuildFile; fileRef = 22C7F3D52BC58F0500F5BE9A /* AccountEmailViewController.swift */; };
		22C7F3D82BC58F3000F5BE9A /* AccountPasswordViewController.swift in Sources */ = {isa = PBXBuildFile; fileRef = 22C7F3D72BC58F3000F5BE9A /* AccountPasswordViewController.swift */; };
		22C7F3DA2BC58F5000F5BE9A /* AccountPhoneNumberViewController.swift in Sources */ = {isa = PBXBuildFile; fileRef = 22C7F3D92BC58F5000F5BE9A /* AccountPhoneNumberViewController.swift */; };
		22D12AA42B3C762F004880B6 /* FirebaseMessaging in Frameworks */ = {isa = PBXBuildFile; productRef = 22D12AA32B3C762F004880B6 /* FirebaseMessaging */; };
		22D12AA62B3C93D2004880B6 /* SignInViewController.swift in Sources */ = {isa = PBXBuildFile; fileRef = 22D12AA52B3C93D2004880B6 /* SignInViewController.swift */; };
		22DB7CE72B93864A00581C10 /* HelpCenterViewController.swift in Sources */ = {isa = PBXBuildFile; fileRef = 22DB7CE62B93864A00581C10 /* HelpCenterViewController.swift */; };
		22DB7CE92B93886300581C10 /* AccountSettingsViewController.swift in Sources */ = {isa = PBXBuildFile; fileRef = 22DB7CE82B93886300581C10 /* AccountSettingsViewController.swift */; };
		22DB7CEB2B93895B00581C10 /* AccountDeletionViewController.swift in Sources */ = {isa = PBXBuildFile; fileRef = 22DB7CEA2B93895B00581C10 /* AccountDeletionViewController.swift */; };
		22F1BD012B5C20DF00F1570F /* ExtUIImageView.swift in Sources */ = {isa = PBXBuildFile; fileRef = 22F1BD002B5C20DF00F1570F /* ExtUIImageView.swift */; };
		8E5240802BD9631D00A9989A /* LearnMoreViewController.swift in Sources */ = {isa = PBXBuildFile; fileRef = 8E52407F2BD9631D00A9989A /* LearnMoreViewController.swift */; };
		8E52D97D2B732DE100C84468 /* GroupsTableViewCell.swift in Sources */ = {isa = PBXBuildFile; fileRef = 8E52D97B2B732DE100C84468 /* GroupsTableViewCell.swift */; };
		8E52D97E2B732DE100C84468 /* GroupsTableViewCell.xib in Resources */ = {isa = PBXBuildFile; fileRef = 8E52D97C2B732DE100C84468 /* GroupsTableViewCell.xib */; };
/* End PBXBuildFile section */

/* Begin PBXContainerItemProxy section */
		22AD2D442ADF583400B3B1A8 /* PBXContainerItemProxy */ = {
			isa = PBXContainerItemProxy;
			containerPortal = 22AD2D222ADF583000B3B1A8 /* Project object */;
			proxyType = 1;
			remoteGlobalIDString = 22AD2D292ADF583000B3B1A8;
			remoteInfo = "Push Stand";
		};
		22AD2D4E2ADF583400B3B1A8 /* PBXContainerItemProxy */ = {
			isa = PBXContainerItemProxy;
			containerPortal = 22AD2D222ADF583000B3B1A8 /* Project object */;
			proxyType = 1;
			remoteGlobalIDString = 22AD2D292ADF583000B3B1A8;
			remoteInfo = "Push Stand";
		};
/* End PBXContainerItemProxy section */

/* Begin PBXFileReference section */
		220976E92B27630C0027E6C6 /* GoogleService-Info.plist */ = {isa = PBXFileReference; fileEncoding = 4; lastKnownFileType = text.plist.xml; path = "GoogleService-Info.plist"; sourceTree = "<group>"; };
		222C4C3F2B14E342006FC90B /* GroupsViewController.swift */ = {isa = PBXFileReference; lastKnownFileType = sourcecode.swift; path = GroupsViewController.swift; sourceTree = "<group>"; };
		222C4C412B14E391006FC90B /* DailyQuestionViewController.swift */ = {isa = PBXFileReference; lastKnownFileType = sourcecode.swift; path = DailyQuestionViewController.swift; sourceTree = "<group>"; };
		222C4C432B14E3B5006FC90B /* SweepstakesViewController.swift */ = {isa = PBXFileReference; lastKnownFileType = sourcecode.swift; path = SweepstakesViewController.swift; sourceTree = "<group>"; };
		222C4C452B14E41F006FC90B /* ShopViewController.swift */ = {isa = PBXFileReference; lastKnownFileType = sourcecode.swift; path = ShopViewController.swift; sourceTree = "<group>"; };
		22359DD52B6C7B71003D3520 /* User.swift */ = {isa = PBXFileReference; lastKnownFileType = sourcecode.swift; path = User.swift; sourceTree = "<group>"; };
		22359DDA2B6C9BE3003D3520 /* OnboardingManager.swift */ = {isa = PBXFileReference; lastKnownFileType = sourcecode.swift; path = OnboardingManager.swift; sourceTree = "<group>"; };
		22359DDC2B6CB431003D3520 /* OnboardingData.swift */ = {isa = PBXFileReference; lastKnownFileType = sourcecode.swift; path = OnboardingData.swift; sourceTree = "<group>"; };
		22359DDE2B6E995C003D3520 /* GroupRequestTableViewCell.swift */ = {isa = PBXFileReference; lastKnownFileType = sourcecode.swift; path = GroupRequestTableViewCell.swift; sourceTree = "<group>"; };
		22359DDF2B6E995C003D3520 /* GroupRequestTableViewCell.xib */ = {isa = PBXFileReference; lastKnownFileType = file.xib; path = GroupRequestTableViewCell.xib; sourceTree = "<group>"; };
		22359DE22B6E9C8D003D3520 /* GroupRequestsViewController.swift */ = {isa = PBXFileReference; lastKnownFileType = sourcecode.swift; path = GroupRequestsViewController.swift; sourceTree = "<group>"; };
		22359DE42B6E9F09003D3520 /* ContactsTableViewCell.swift */ = {isa = PBXFileReference; lastKnownFileType = sourcecode.swift; path = ContactsTableViewCell.swift; sourceTree = "<group>"; };
		22359DE52B6E9F09003D3520 /* ContactsTableViewCell.xib */ = {isa = PBXFileReference; lastKnownFileType = file.xib; path = ContactsTableViewCell.xib; sourceTree = "<group>"; };
		22359DE82B6EA132003D3520 /* ContactsViewController.swift */ = {isa = PBXFileReference; lastKnownFileType = sourcecode.swift; path = ContactsViewController.swift; sourceTree = "<group>"; };
		223EA0822AEED76F0055F94B /* CircularProgressBar.swift */ = {isa = PBXFileReference; lastKnownFileType = sourcecode.swift; path = CircularProgressBar.swift; sourceTree = "<group>"; };
		223EA0852AEEDB290055F94B /* IconWithTextView.swift */ = {isa = PBXFileReference; lastKnownFileType = sourcecode.swift; path = IconWithTextView.swift; sourceTree = "<group>"; };
		223EA0872AEEDCA60055F94B /* SegmentedProgressBar.swift */ = {isa = PBXFileReference; lastKnownFileType = sourcecode.swift; path = SegmentedProgressBar.swift; sourceTree = "<group>"; };
		223EA0892AEFF6D70055F94B /* SignUpInitialPhoneViewController.swift */ = {isa = PBXFileReference; lastKnownFileType = sourcecode.swift; path = SignUpInitialPhoneViewController.swift; sourceTree = "<group>"; };
		2263D20F2AF8A11200D2E136 /* LandingRootViewController.swift */ = {isa = PBXFileReference; lastKnownFileType = sourcecode.swift; path = LandingRootViewController.swift; sourceTree = "<group>"; };
		2263D2112AF91BD100D2E136 /* SignUpPhoneViewController.swift */ = {isa = PBXFileReference; lastKnownFileType = sourcecode.swift; path = SignUpPhoneViewController.swift; sourceTree = "<group>"; };
		2263D2132AF91C5500D2E136 /* SignUpUsernamePasswordViewController.swift */ = {isa = PBXFileReference; lastKnownFileType = sourcecode.swift; path = SignUpUsernamePasswordViewController.swift; sourceTree = "<group>"; };
		2263D2152AF91D8400D2E136 /* SignupBirthdateViewController.swift */ = {isa = PBXFileReference; lastKnownFileType = sourcecode.swift; path = SignupBirthdateViewController.swift; sourceTree = "<group>"; };
		2263D2172AF91E6900D2E136 /* SignUpReminderViewController.swift */ = {isa = PBXFileReference; lastKnownFileType = sourcecode.swift; path = SignUpReminderViewController.swift; sourceTree = "<group>"; };
		2263D2192AF91FEB00D2E136 /* SignUpVerificationViewController.swift */ = {isa = PBXFileReference; lastKnownFileType = sourcecode.swift; path = SignUpVerificationViewController.swift; sourceTree = "<group>"; };
		2263D21B2AF926CB00D2E136 /* RootTabBarController.swift */ = {isa = PBXFileReference; lastKnownFileType = sourcecode.swift; path = RootTabBarController.swift; sourceTree = "<group>"; };
		227D0F9E2B1E17890001E568 /* DailyQuestionContainerViewController.swift */ = {isa = PBXFileReference; lastKnownFileType = sourcecode.swift; path = DailyQuestionContainerViewController.swift; sourceTree = "<group>"; };
		229BB4952B8177FF00959B3F /* SubmitQuestionViewController.swift */ = {isa = PBXFileReference; lastKnownFileType = sourcecode.swift; path = SubmitQuestionViewController.swift; sourceTree = "<group>"; };
		229C49F92B14E0D100C8E065 /* HomeStatsViewController.swift */ = {isa = PBXFileReference; lastKnownFileType = sourcecode.swift; path = HomeStatsViewController.swift; sourceTree = "<group>"; };
		229C49FC2B14E11800C8E065 /* ExtUITabBarController.swift */ = {isa = PBXFileReference; lastKnownFileType = sourcecode.swift; path = ExtUITabBarController.swift; sourceTree = "<group>"; };
		22AD2D2A2ADF583000B3B1A8 /* Push Stand.app */ = {isa = PBXFileReference; explicitFileType = wrapper.application; includeInIndex = 0; path = "Push Stand.app"; sourceTree = BUILT_PRODUCTS_DIR; };
		22AD2D2D2ADF583000B3B1A8 /* AppDelegate.swift */ = {isa = PBXFileReference; lastKnownFileType = sourcecode.swift; path = AppDelegate.swift; sourceTree = "<group>"; };
		22AD2D2F2ADF583000B3B1A8 /* SceneDelegate.swift */ = {isa = PBXFileReference; lastKnownFileType = sourcecode.swift; path = SceneDelegate.swift; sourceTree = "<group>"; };
		22AD2D312ADF583000B3B1A8 /* PushStandViewController.swift */ = {isa = PBXFileReference; lastKnownFileType = sourcecode.swift; path = PushStandViewController.swift; sourceTree = "<group>"; };
		22AD2D342ADF583000B3B1A8 /* Base */ = {isa = PBXFileReference; lastKnownFileType = file.storyboard; name = Base; path = Base.lproj/Main.storyboard; sourceTree = "<group>"; };
		22AD2D372ADF583000B3B1A8 /* Push_Stand.xcdatamodel */ = {isa = PBXFileReference; lastKnownFileType = wrapper.xcdatamodel; path = Push_Stand.xcdatamodel; sourceTree = "<group>"; };
		22AD2D392ADF583300B3B1A8 /* Assets.xcassets */ = {isa = PBXFileReference; lastKnownFileType = folder.assetcatalog; path = Assets.xcassets; sourceTree = "<group>"; };
		22AD2D3C2ADF583300B3B1A8 /* Base */ = {isa = PBXFileReference; lastKnownFileType = file.storyboard; name = Base; path = Base.lproj/LaunchScreen.storyboard; sourceTree = "<group>"; };
		22AD2D3E2ADF583300B3B1A8 /* Info.plist */ = {isa = PBXFileReference; lastKnownFileType = text.plist.xml; path = Info.plist; sourceTree = "<group>"; };
		22AD2D432ADF583400B3B1A8 /* Push StandTests.xctest */ = {isa = PBXFileReference; explicitFileType = wrapper.cfbundle; includeInIndex = 0; path = "Push StandTests.xctest"; sourceTree = BUILT_PRODUCTS_DIR; };
		22AD2D472ADF583400B3B1A8 /* Push_StandTests.swift */ = {isa = PBXFileReference; lastKnownFileType = sourcecode.swift; path = Push_StandTests.swift; sourceTree = "<group>"; };
		22AD2D4D2ADF583400B3B1A8 /* Push StandUITests.xctest */ = {isa = PBXFileReference; explicitFileType = wrapper.cfbundle; includeInIndex = 0; path = "Push StandUITests.xctest"; sourceTree = BUILT_PRODUCTS_DIR; };
		22AD2D512ADF583400B3B1A8 /* Push_StandUITests.swift */ = {isa = PBXFileReference; lastKnownFileType = sourcecode.swift; path = Push_StandUITests.swift; sourceTree = "<group>"; };
		22AD2D532ADF583400B3B1A8 /* Push_StandUITestsLaunchTests.swift */ = {isa = PBXFileReference; lastKnownFileType = sourcecode.swift; path = Push_StandUITestsLaunchTests.swift; sourceTree = "<group>"; };
		22B8D2212B5C117000448D01 /* ExtUIViewController.swift */ = {isa = PBXFileReference; lastKnownFileType = sourcecode.swift; path = ExtUIViewController.swift; sourceTree = "<group>"; };
		22B8EA192B3CD8C100FC9257 /* AccountViewController.swift */ = {isa = PBXFileReference; lastKnownFileType = sourcecode.swift; path = AccountViewController.swift; sourceTree = "<group>"; };
		22B8EA1C2B3DD53300FC9257 /* CurrentUser.swift */ = {isa = PBXFileReference; lastKnownFileType = sourcecode.swift; path = CurrentUser.swift; sourceTree = "<group>"; };
		22B8EA1E2B3DF30000FC9257 /* Push Stand.entitlements */ = {isa = PBXFileReference; lastKnownFileType = text.plist.entitlements; path = "Push Stand.entitlements"; sourceTree = "<group>"; };
		22C7F3D12BAFC2B400F5BE9A /* TermsOfServiceViewController.swift */ = {isa = PBXFileReference; lastKnownFileType = sourcecode.swift; path = TermsOfServiceViewController.swift; sourceTree = "<group>"; };
		22C7F3D32BAFC34800F5BE9A /* PrivacyPolicyViewController.swift */ = {isa = PBXFileReference; lastKnownFileType = sourcecode.swift; path = PrivacyPolicyViewController.swift; sourceTree = "<group>"; };
		22C7F3D52BC58F0500F5BE9A /* AccountEmailViewController.swift */ = {isa = PBXFileReference; lastKnownFileType = sourcecode.swift; path = AccountEmailViewController.swift; sourceTree = "<group>"; };
		22C7F3D72BC58F3000F5BE9A /* AccountPasswordViewController.swift */ = {isa = PBXFileReference; lastKnownFileType = sourcecode.swift; path = AccountPasswordViewController.swift; sourceTree = "<group>"; };
		22C7F3D92BC58F5000F5BE9A /* AccountPhoneNumberViewController.swift */ = {isa = PBXFileReference; lastKnownFileType = sourcecode.swift; path = AccountPhoneNumberViewController.swift; sourceTree = "<group>"; };
		22D12AA52B3C93D2004880B6 /* SignInViewController.swift */ = {isa = PBXFileReference; lastKnownFileType = sourcecode.swift; path = SignInViewController.swift; sourceTree = "<group>"; };
		22DB7CE62B93864A00581C10 /* HelpCenterViewController.swift */ = {isa = PBXFileReference; lastKnownFileType = sourcecode.swift; path = HelpCenterViewController.swift; sourceTree = "<group>"; };
		22DB7CE82B93886300581C10 /* AccountSettingsViewController.swift */ = {isa = PBXFileReference; lastKnownFileType = sourcecode.swift; path = AccountSettingsViewController.swift; sourceTree = "<group>"; };
		22DB7CEA2B93895B00581C10 /* AccountDeletionViewController.swift */ = {isa = PBXFileReference; lastKnownFileType = sourcecode.swift; path = AccountDeletionViewController.swift; sourceTree = "<group>"; };
		22F1BD002B5C20DF00F1570F /* ExtUIImageView.swift */ = {isa = PBXFileReference; lastKnownFileType = sourcecode.swift; path = ExtUIImageView.swift; sourceTree = "<group>"; };
		8E52407F2BD9631D00A9989A /* LearnMoreViewController.swift */ = {isa = PBXFileReference; lastKnownFileType = sourcecode.swift; path = LearnMoreViewController.swift; sourceTree = "<group>"; };
		8E52D97B2B732DE100C84468 /* GroupsTableViewCell.swift */ = {isa = PBXFileReference; lastKnownFileType = sourcecode.swift; path = GroupsTableViewCell.swift; sourceTree = "<group>"; };
		8E52D97C2B732DE100C84468 /* GroupsTableViewCell.xib */ = {isa = PBXFileReference; lastKnownFileType = file.xib; path = GroupsTableViewCell.xib; sourceTree = "<group>"; };
/* End PBXFileReference section */

/* Begin PBXFrameworksBuildPhase section */
		22AD2D272ADF583000B3B1A8 /* Frameworks */ = {
			isa = PBXFrameworksBuildPhase;
			buildActionMask = 2147483647;
			files = (
				22D12AA42B3C762F004880B6 /* FirebaseMessaging in Frameworks */,
				220976F12B2764450027E6C6 /* FirebaseAnalyticsSwift in Frameworks */,
				220976ED2B2764450027E6C6 /* FirebaseAnalytics in Frameworks */,
				220976EF2B2764450027E6C6 /* FirebaseAnalyticsOnDeviceConversion in Frameworks */,
				220976F52B2764450027E6C6 /* FirebaseFirestore in Frameworks */,
				220976F92B2764730027E6C6 /* FirebaseAnalyticsWithoutAdIdSupport in Frameworks */,
				220976F32B2764450027E6C6 /* FirebaseAuth in Frameworks */,
				220976F72B2764450027E6C6 /* FirebaseStorage in Frameworks */,
			);
			runOnlyForDeploymentPostprocessing = 0;
		};
		22AD2D402ADF583400B3B1A8 /* Frameworks */ = {
			isa = PBXFrameworksBuildPhase;
			buildActionMask = 2147483647;
			files = (
			);
			runOnlyForDeploymentPostprocessing = 0;
		};
		22AD2D4A2ADF583400B3B1A8 /* Frameworks */ = {
			isa = PBXFrameworksBuildPhase;
			buildActionMask = 2147483647;
			files = (
			);
			runOnlyForDeploymentPostprocessing = 0;
		};
/* End PBXFrameworksBuildPhase section */

/* Begin PBXGroup section */
		22359DD92B6C9BD0003D3520 /* Managers */ = {
			isa = PBXGroup;
			children = (
				22359DDA2B6C9BE3003D3520 /* OnboardingManager.swift */,
			);
			path = Managers;
			sourceTree = "<group>";
		};
		223EA0812AEED7540055F94B /* Views */ = {
			isa = PBXGroup;
			children = (
				223EA0822AEED76F0055F94B /* CircularProgressBar.swift */,
				223EA0852AEEDB290055F94B /* IconWithTextView.swift */,
				223EA0872AEEDCA60055F94B /* SegmentedProgressBar.swift */,
				22359DDE2B6E995C003D3520 /* GroupRequestTableViewCell.swift */,
				22359DDF2B6E995C003D3520 /* GroupRequestTableViewCell.xib */,
				22359DE42B6E9F09003D3520 /* ContactsTableViewCell.swift */,
				22359DE52B6E9F09003D3520 /* ContactsTableViewCell.xib */,
				8E52D97B2B732DE100C84468 /* GroupsTableViewCell.swift */,
				8E52D97C2B732DE100C84468 /* GroupsTableViewCell.xib */,
			);
			path = Views;
			sourceTree = "<group>";
		};
		223EA0842AEED7D00055F94B /* ViewControllers */ = {
			isa = PBXGroup;
			children = (
				22AD2D312ADF583000B3B1A8 /* PushStandViewController.swift */,
				223EA0892AEFF6D70055F94B /* SignUpInitialPhoneViewController.swift */,
				2263D20F2AF8A11200D2E136 /* LandingRootViewController.swift */,
				2263D2112AF91BD100D2E136 /* SignUpPhoneViewController.swift */,
				2263D2132AF91C5500D2E136 /* SignUpUsernamePasswordViewController.swift */,
				2263D2152AF91D8400D2E136 /* SignupBirthdateViewController.swift */,
				2263D2172AF91E6900D2E136 /* SignUpReminderViewController.swift */,
				2263D2192AF91FEB00D2E136 /* SignUpVerificationViewController.swift */,
				2263D21B2AF926CB00D2E136 /* RootTabBarController.swift */,
				229C49F92B14E0D100C8E065 /* HomeStatsViewController.swift */,
				222C4C3F2B14E342006FC90B /* GroupsViewController.swift */,
				222C4C412B14E391006FC90B /* DailyQuestionViewController.swift */,
				222C4C432B14E3B5006FC90B /* SweepstakesViewController.swift */,
				222C4C452B14E41F006FC90B /* ShopViewController.swift */,
				227D0F9E2B1E17890001E568 /* DailyQuestionContainerViewController.swift */,
				22D12AA52B3C93D2004880B6 /* SignInViewController.swift */,
				22B8EA192B3CD8C100FC9257 /* AccountViewController.swift */,
				22359DE22B6E9C8D003D3520 /* GroupRequestsViewController.swift */,
				22359DE82B6EA132003D3520 /* ContactsViewController.swift */,
				229BB4952B8177FF00959B3F /* SubmitQuestionViewController.swift */,
				22DB7CE62B93864A00581C10 /* HelpCenterViewController.swift */,
				22DB7CE82B93886300581C10 /* AccountSettingsViewController.swift */,
				22DB7CEA2B93895B00581C10 /* AccountDeletionViewController.swift */,
				22C7F3D12BAFC2B400F5BE9A /* TermsOfServiceViewController.swift */,
				22C7F3D32BAFC34800F5BE9A /* PrivacyPolicyViewController.swift */,
				22C7F3D52BC58F0500F5BE9A /* AccountEmailViewController.swift */,
				22C7F3D72BC58F3000F5BE9A /* AccountPasswordViewController.swift */,
				22C7F3D92BC58F5000F5BE9A /* AccountPhoneNumberViewController.swift */,
				8E52407F2BD9631D00A9989A /* LearnMoreViewController.swift */,
			);
			path = ViewControllers;
			sourceTree = "<group>";
		};
		229BB4972B84437900959B3F /* Services */ = {
			isa = PBXGroup;
			children = (
			);
			path = Services;
			sourceTree = "<group>";
		};
		229C49FB2B14E0DA00C8E065 /* Extensions */ = {
			isa = PBXGroup;
			children = (
				229C49FC2B14E11800C8E065 /* ExtUITabBarController.swift */,
				22B8D2212B5C117000448D01 /* ExtUIViewController.swift */,
				22F1BD002B5C20DF00F1570F /* ExtUIImageView.swift */,
			);
			path = Extensions;
			sourceTree = "<group>";
		};
		22AD2D212ADF583000B3B1A8 = {
			isa = PBXGroup;
			children = (
				22AD2D2C2ADF583000B3B1A8 /* Push Stand */,
				22AD2D462ADF583400B3B1A8 /* Push StandTests */,
				22AD2D502ADF583400B3B1A8 /* Push StandUITests */,
				22AD2D2B2ADF583000B3B1A8 /* Products */,
			);
			sourceTree = "<group>";
		};
		22AD2D2B2ADF583000B3B1A8 /* Products */ = {
			isa = PBXGroup;
			children = (
				22AD2D2A2ADF583000B3B1A8 /* Push Stand.app */,
				22AD2D432ADF583400B3B1A8 /* Push StandTests.xctest */,
				22AD2D4D2ADF583400B3B1A8 /* Push StandUITests.xctest */,
			);
			name = Products;
			sourceTree = "<group>";
		};
		22AD2D2C2ADF583000B3B1A8 /* Push Stand */ = {
			isa = PBXGroup;
			children = (
				229BB4972B84437900959B3F /* Services */,
				22359DD92B6C9BD0003D3520 /* Managers */,
				22B8EA1E2B3DF30000FC9257 /* Push Stand.entitlements */,
				22B8EA1B2B3DD51600FC9257 /* Models */,
				229C49FB2B14E0DA00C8E065 /* Extensions */,
				223EA0842AEED7D00055F94B /* ViewControllers */,
				223EA0812AEED7540055F94B /* Views */,
				22AD2D2D2ADF583000B3B1A8 /* AppDelegate.swift */,
				22AD2D2F2ADF583000B3B1A8 /* SceneDelegate.swift */,
				22AD2D332ADF583000B3B1A8 /* Main.storyboard */,
				22AD2D392ADF583300B3B1A8 /* Assets.xcassets */,
				22AD2D3B2ADF583300B3B1A8 /* LaunchScreen.storyboard */,
				22AD2D3E2ADF583300B3B1A8 /* Info.plist */,
				22AD2D362ADF583000B3B1A8 /* Push_Stand.xcdatamodeld */,
				220976E92B27630C0027E6C6 /* GoogleService-Info.plist */,
			);
			path = "Push Stand";
			sourceTree = "<group>";
		};
		22AD2D462ADF583400B3B1A8 /* Push StandTests */ = {
			isa = PBXGroup;
			children = (
				22AD2D472ADF583400B3B1A8 /* Push_StandTests.swift */,
			);
			path = "Push StandTests";
			sourceTree = "<group>";
		};
		22AD2D502ADF583400B3B1A8 /* Push StandUITests */ = {
			isa = PBXGroup;
			children = (
				22AD2D512ADF583400B3B1A8 /* Push_StandUITests.swift */,
				22AD2D532ADF583400B3B1A8 /* Push_StandUITestsLaunchTests.swift */,
			);
			path = "Push StandUITests";
			sourceTree = "<group>";
		};
		22B8EA1B2B3DD51600FC9257 /* Models */ = {
			isa = PBXGroup;
			children = (
				22B8EA1C2B3DD53300FC9257 /* CurrentUser.swift */,
				22359DD52B6C7B71003D3520 /* User.swift */,
				22359DDC2B6CB431003D3520 /* OnboardingData.swift */,
			);
			path = Models;
			sourceTree = "<group>";
		};
/* End PBXGroup section */

/* Begin PBXNativeTarget section */
		22AD2D292ADF583000B3B1A8 /* Push Stand */ = {
			isa = PBXNativeTarget;
			buildConfigurationList = 22AD2D572ADF583400B3B1A8 /* Build configuration list for PBXNativeTarget "Push Stand" */;
			buildPhases = (
				22AD2D262ADF583000B3B1A8 /* Sources */,
				22AD2D272ADF583000B3B1A8 /* Frameworks */,
				22AD2D282ADF583000B3B1A8 /* Resources */,
			);
			buildRules = (
			);
			dependencies = (
			);
			name = "Push Stand";
			packageProductDependencies = (
				220976EC2B2764450027E6C6 /* FirebaseAnalytics */,
				220976EE2B2764450027E6C6 /* FirebaseAnalyticsOnDeviceConversion */,
				220976F02B2764450027E6C6 /* FirebaseAnalyticsSwift */,
				220976F22B2764450027E6C6 /* FirebaseAuth */,
				220976F42B2764450027E6C6 /* FirebaseFirestore */,
				220976F62B2764450027E6C6 /* FirebaseStorage */,
				220976F82B2764730027E6C6 /* FirebaseAnalyticsWithoutAdIdSupport */,
				22D12AA32B3C762F004880B6 /* FirebaseMessaging */,
			);
			productName = "Push Stand";
			productReference = 22AD2D2A2ADF583000B3B1A8 /* Push Stand.app */;
			productType = "com.apple.product-type.application";
		};
		22AD2D422ADF583400B3B1A8 /* Push StandTests */ = {
			isa = PBXNativeTarget;
			buildConfigurationList = 22AD2D5A2ADF583400B3B1A8 /* Build configuration list for PBXNativeTarget "Push StandTests" */;
			buildPhases = (
				22AD2D3F2ADF583400B3B1A8 /* Sources */,
				22AD2D402ADF583400B3B1A8 /* Frameworks */,
				22AD2D412ADF583400B3B1A8 /* Resources */,
			);
			buildRules = (
			);
			dependencies = (
				22AD2D452ADF583400B3B1A8 /* PBXTargetDependency */,
			);
			name = "Push StandTests";
			productName = "Push StandTests";
			productReference = 22AD2D432ADF583400B3B1A8 /* Push StandTests.xctest */;
			productType = "com.apple.product-type.bundle.unit-test";
		};
		22AD2D4C2ADF583400B3B1A8 /* Push StandUITests */ = {
			isa = PBXNativeTarget;
			buildConfigurationList = 22AD2D5D2ADF583400B3B1A8 /* Build configuration list for PBXNativeTarget "Push StandUITests" */;
			buildPhases = (
				22AD2D492ADF583400B3B1A8 /* Sources */,
				22AD2D4A2ADF583400B3B1A8 /* Frameworks */,
				22AD2D4B2ADF583400B3B1A8 /* Resources */,
			);
			buildRules = (
			);
			dependencies = (
				22AD2D4F2ADF583400B3B1A8 /* PBXTargetDependency */,
			);
			name = "Push StandUITests";
			productName = "Push StandUITests";
			productReference = 22AD2D4D2ADF583400B3B1A8 /* Push StandUITests.xctest */;
			productType = "com.apple.product-type.bundle.ui-testing";
		};
/* End PBXNativeTarget section */

/* Begin PBXProject section */
		22AD2D222ADF583000B3B1A8 /* Project object */ = {
			isa = PBXProject;
			attributes = {
				BuildIndependentTargetsInParallel = 1;
				LastSwiftUpdateCheck = 1500;
				LastUpgradeCheck = 1500;
				TargetAttributes = {
					22AD2D292ADF583000B3B1A8 = {
						CreatedOnToolsVersion = 15.0;
					};
					22AD2D422ADF583400B3B1A8 = {
						CreatedOnToolsVersion = 15.0;
						TestTargetID = 22AD2D292ADF583000B3B1A8;
					};
					22AD2D4C2ADF583400B3B1A8 = {
						CreatedOnToolsVersion = 15.0;
						TestTargetID = 22AD2D292ADF583000B3B1A8;
					};
				};
			};
			buildConfigurationList = 22AD2D252ADF583000B3B1A8 /* Build configuration list for PBXProject "Push Stand" */;
			compatibilityVersion = "Xcode 14.0";
			developmentRegion = en;
			hasScannedForEncodings = 0;
			knownRegions = (
				en,
				Base,
			);
			mainGroup = 22AD2D212ADF583000B3B1A8;
			packageReferences = (
				220976EB2B2764450027E6C6 /* XCRemoteSwiftPackageReference "firebase-ios-sdk" */,
			);
			productRefGroup = 22AD2D2B2ADF583000B3B1A8 /* Products */;
			projectDirPath = "";
			projectRoot = "";
			targets = (
				22AD2D292ADF583000B3B1A8 /* Push Stand */,
				22AD2D422ADF583400B3B1A8 /* Push StandTests */,
				22AD2D4C2ADF583400B3B1A8 /* Push StandUITests */,
			);
		};
/* End PBXProject section */

/* Begin PBXResourcesBuildPhase section */
		22AD2D282ADF583000B3B1A8 /* Resources */ = {
			isa = PBXResourcesBuildPhase;
			buildActionMask = 2147483647;
			files = (
				8E52D97E2B732DE100C84468 /* GroupsTableViewCell.xib in Resources */,
				22AD2D3D2ADF583300B3B1A8 /* LaunchScreen.storyboard in Resources */,
				22AD2D3A2ADF583300B3B1A8 /* Assets.xcassets in Resources */,
				22359DE12B6E995C003D3520 /* GroupRequestTableViewCell.xib in Resources */,
				22AD2D352ADF583000B3B1A8 /* Main.storyboard in Resources */,
				22359DE72B6E9F09003D3520 /* ContactsTableViewCell.xib in Resources */,
				220976EA2B27630D0027E6C6 /* GoogleService-Info.plist in Resources */,
			);
			runOnlyForDeploymentPostprocessing = 0;
		};
		22AD2D412ADF583400B3B1A8 /* Resources */ = {
			isa = PBXResourcesBuildPhase;
			buildActionMask = 2147483647;
			files = (
			);
			runOnlyForDeploymentPostprocessing = 0;
		};
		22AD2D4B2ADF583400B3B1A8 /* Resources */ = {
			isa = PBXResourcesBuildPhase;
			buildActionMask = 2147483647;
			files = (
			);
			runOnlyForDeploymentPostprocessing = 0;
		};
/* End PBXResourcesBuildPhase section */

/* Begin PBXSourcesBuildPhase section */
		22AD2D262ADF583000B3B1A8 /* Sources */ = {
			isa = PBXSourcesBuildPhase;
			buildActionMask = 2147483647;
			files = (
				222C4C422B14E391006FC90B /* DailyQuestionViewController.swift in Sources */,
				22F1BD012B5C20DF00F1570F /* ExtUIImageView.swift in Sources */,
				22359DE02B6E995C003D3520 /* GroupRequestTableViewCell.swift in Sources */,
				223EA0862AEEDB290055F94B /* IconWithTextView.swift in Sources */,
				22B8EA1A2B3CD8C100FC9257 /* AccountViewController.swift in Sources */,
				2263D21C2AF926CB00D2E136 /* RootTabBarController.swift in Sources */,
				2263D2182AF91E6900D2E136 /* SignUpReminderViewController.swift in Sources */,
				22359DDD2B6CB431003D3520 /* OnboardingData.swift in Sources */,
				22B8EA1D2B3DD53300FC9257 /* CurrentUser.swift in Sources */,
				22C7F3D22BAFC2B400F5BE9A /* TermsOfServiceViewController.swift in Sources */,
				22DB7CE92B93886300581C10 /* AccountSettingsViewController.swift in Sources */,
				227D0F9F2B1E17890001E568 /* DailyQuestionContainerViewController.swift in Sources */,
				22DB7CE72B93864A00581C10 /* HelpCenterViewController.swift in Sources */,
				8E52D97D2B732DE100C84468 /* GroupsTableViewCell.swift in Sources */,
				222C4C402B14E342006FC90B /* GroupsViewController.swift in Sources */,
				22359DE62B6E9F09003D3520 /* ContactsTableViewCell.swift in Sources */,
				2263D2142AF91C5500D2E136 /* SignUpUsernamePasswordViewController.swift in Sources */,
				22359DE32B6E9C8D003D3520 /* GroupRequestsViewController.swift in Sources */,
				2263D21A2AF91FEB00D2E136 /* SignUpVerificationViewController.swift in Sources */,
				22359DDB2B6C9BE3003D3520 /* OnboardingManager.swift in Sources */,
				22AD2D382ADF583000B3B1A8 /* Push_Stand.xcdatamodeld in Sources */,
				223EA08A2AEFF6D70055F94B /* SignUpInitialPhoneViewController.swift in Sources */,
				2263D2102AF8A11200D2E136 /* LandingRootViewController.swift in Sources */,
				229C49FA2B14E0D100C8E065 /* HomeStatsViewController.swift in Sources */,
				22C7F3D82BC58F3000F5BE9A /* AccountPasswordViewController.swift in Sources */,
				22AD2D322ADF583000B3B1A8 /* PushStandViewController.swift in Sources */,
				22359DE92B6EA132003D3520 /* ContactsViewController.swift in Sources */,
				22C7F3D62BC58F0500F5BE9A /* AccountEmailViewController.swift in Sources */,
				22C7F3DA2BC58F5000F5BE9A /* AccountPhoneNumberViewController.swift in Sources */,
				2263D2162AF91D8400D2E136 /* SignupBirthdateViewController.swift in Sources */,
				229BB4962B8177FF00959B3F /* SubmitQuestionViewController.swift in Sources */,
				22AD2D2E2ADF583000B3B1A8 /* AppDelegate.swift in Sources */,
				222C4C442B14E3B5006FC90B /* SweepstakesViewController.swift in Sources */,
				22B8D2222B5C117000448D01 /* ExtUIViewController.swift in Sources */,
				22359DD62B6C7B71003D3520 /* User.swift in Sources */,
				229C49FD2B14E11800C8E065 /* ExtUITabBarController.swift in Sources */,
				22DB7CEB2B93895B00581C10 /* AccountDeletionViewController.swift in Sources */,
				8E5240802BD9631D00A9989A /* LearnMoreViewController.swift in Sources */,
				22C7F3D42BAFC34800F5BE9A /* PrivacyPolicyViewController.swift in Sources */,
				223EA0832AEED76F0055F94B /* CircularProgressBar.swift in Sources */,
				2263D2122AF91BD100D2E136 /* SignUpPhoneViewController.swift in Sources */,
				22AD2D302ADF583000B3B1A8 /* SceneDelegate.swift in Sources */,
				222C4C462B14E41F006FC90B /* ShopViewController.swift in Sources */,
				22D12AA62B3C93D2004880B6 /* SignInViewController.swift in Sources */,
				223EA0882AEEDCA60055F94B /* SegmentedProgressBar.swift in Sources */,
			);
			runOnlyForDeploymentPostprocessing = 0;
		};
		22AD2D3F2ADF583400B3B1A8 /* Sources */ = {
			isa = PBXSourcesBuildPhase;
			buildActionMask = 2147483647;
			files = (
				22AD2D482ADF583400B3B1A8 /* Push_StandTests.swift in Sources */,
			);
			runOnlyForDeploymentPostprocessing = 0;
		};
		22AD2D492ADF583400B3B1A8 /* Sources */ = {
			isa = PBXSourcesBuildPhase;
			buildActionMask = 2147483647;
			files = (
				22AD2D522ADF583400B3B1A8 /* Push_StandUITests.swift in Sources */,
				22AD2D542ADF583400B3B1A8 /* Push_StandUITestsLaunchTests.swift in Sources */,
			);
			runOnlyForDeploymentPostprocessing = 0;
		};
/* End PBXSourcesBuildPhase section */

/* Begin PBXTargetDependency section */
		22AD2D452ADF583400B3B1A8 /* PBXTargetDependency */ = {
			isa = PBXTargetDependency;
			target = 22AD2D292ADF583000B3B1A8 /* Push Stand */;
			targetProxy = 22AD2D442ADF583400B3B1A8 /* PBXContainerItemProxy */;
		};
		22AD2D4F2ADF583400B3B1A8 /* PBXTargetDependency */ = {
			isa = PBXTargetDependency;
			target = 22AD2D292ADF583000B3B1A8 /* Push Stand */;
			targetProxy = 22AD2D4E2ADF583400B3B1A8 /* PBXContainerItemProxy */;
		};
/* End PBXTargetDependency section */

/* Begin PBXVariantGroup section */
		22AD2D332ADF583000B3B1A8 /* Main.storyboard */ = {
			isa = PBXVariantGroup;
			children = (
				22AD2D342ADF583000B3B1A8 /* Base */,
			);
			name = Main.storyboard;
			sourceTree = "<group>";
		};
		22AD2D3B2ADF583300B3B1A8 /* LaunchScreen.storyboard */ = {
			isa = PBXVariantGroup;
			children = (
				22AD2D3C2ADF583300B3B1A8 /* Base */,
			);
			name = LaunchScreen.storyboard;
			sourceTree = "<group>";
		};
/* End PBXVariantGroup section */

/* Begin XCBuildConfiguration section */
		22AD2D552ADF583400B3B1A8 /* Debug */ = {
			isa = XCBuildConfiguration;
			buildSettings = {
				ALWAYS_SEARCH_USER_PATHS = NO;
				ASSETCATALOG_COMPILER_GENERATE_SWIFT_ASSET_SYMBOL_EXTENSIONS = YES;
				CLANG_ANALYZER_NONNULL = YES;
				CLANG_ANALYZER_NUMBER_OBJECT_CONVERSION = YES_AGGRESSIVE;
				CLANG_CXX_LANGUAGE_STANDARD = "gnu++20";
				CLANG_ENABLE_MODULES = YES;
				CLANG_ENABLE_OBJC_ARC = YES;
				CLANG_ENABLE_OBJC_WEAK = YES;
				CLANG_WARN_BLOCK_CAPTURE_AUTORELEASING = YES;
				CLANG_WARN_BOOL_CONVERSION = YES;
				CLANG_WARN_COMMA = YES;
				CLANG_WARN_CONSTANT_CONVERSION = YES;
				CLANG_WARN_DEPRECATED_OBJC_IMPLEMENTATIONS = YES;
				CLANG_WARN_DIRECT_OBJC_ISA_USAGE = YES_ERROR;
				CLANG_WARN_DOCUMENTATION_COMMENTS = YES;
				CLANG_WARN_EMPTY_BODY = YES;
				CLANG_WARN_ENUM_CONVERSION = YES;
				CLANG_WARN_INFINITE_RECURSION = YES;
				CLANG_WARN_INT_CONVERSION = YES;
				CLANG_WARN_NON_LITERAL_NULL_CONVERSION = YES;
				CLANG_WARN_OBJC_IMPLICIT_RETAIN_SELF = YES;
				CLANG_WARN_OBJC_LITERAL_CONVERSION = YES;
				CLANG_WARN_OBJC_ROOT_CLASS = YES_ERROR;
				CLANG_WARN_QUOTED_INCLUDE_IN_FRAMEWORK_HEADER = YES;
				CLANG_WARN_RANGE_LOOP_ANALYSIS = YES;
				CLANG_WARN_STRICT_PROTOTYPES = YES;
				CLANG_WARN_SUSPICIOUS_MOVE = YES;
				CLANG_WARN_UNGUARDED_AVAILABILITY = YES_AGGRESSIVE;
				CLANG_WARN_UNREACHABLE_CODE = YES;
				CLANG_WARN__DUPLICATE_METHOD_MATCH = YES;
				COPY_PHASE_STRIP = NO;
				DEBUG_INFORMATION_FORMAT = dwarf;
				ENABLE_STRICT_OBJC_MSGSEND = YES;
				ENABLE_TESTABILITY = YES;
				ENABLE_USER_SCRIPT_SANDBOXING = YES;
				GCC_C_LANGUAGE_STANDARD = gnu17;
				GCC_DYNAMIC_NO_PIC = NO;
				GCC_NO_COMMON_BLOCKS = YES;
				GCC_OPTIMIZATION_LEVEL = 0;
				GCC_PREPROCESSOR_DEFINITIONS = (
					"DEBUG=1",
					"$(inherited)",
				);
				GCC_WARN_64_TO_32_BIT_CONVERSION = YES;
				GCC_WARN_ABOUT_RETURN_TYPE = YES_ERROR;
				GCC_WARN_UNDECLARED_SELECTOR = YES;
				GCC_WARN_UNINITIALIZED_AUTOS = YES_AGGRESSIVE;
				GCC_WARN_UNUSED_FUNCTION = YES;
				GCC_WARN_UNUSED_VARIABLE = YES;
				IPHONEOS_DEPLOYMENT_TARGET = 15.0;
				LOCALIZATION_PREFERS_STRING_CATALOGS = YES;
				MTL_ENABLE_DEBUG_INFO = INCLUDE_SOURCE;
				MTL_FAST_MATH = YES;
				ONLY_ACTIVE_ARCH = YES;
				SDKROOT = iphoneos;
				SWIFT_ACTIVE_COMPILATION_CONDITIONS = "DEBUG $(inherited)";
				SWIFT_OPTIMIZATION_LEVEL = "-Onone";
			};
			name = Debug;
		};
		22AD2D562ADF583400B3B1A8 /* Release */ = {
			isa = XCBuildConfiguration;
			buildSettings = {
				ALWAYS_SEARCH_USER_PATHS = NO;
				ASSETCATALOG_COMPILER_GENERATE_SWIFT_ASSET_SYMBOL_EXTENSIONS = YES;
				CLANG_ANALYZER_NONNULL = YES;
				CLANG_ANALYZER_NUMBER_OBJECT_CONVERSION = YES_AGGRESSIVE;
				CLANG_CXX_LANGUAGE_STANDARD = "gnu++20";
				CLANG_ENABLE_MODULES = YES;
				CLANG_ENABLE_OBJC_ARC = YES;
				CLANG_ENABLE_OBJC_WEAK = YES;
				CLANG_WARN_BLOCK_CAPTURE_AUTORELEASING = YES;
				CLANG_WARN_BOOL_CONVERSION = YES;
				CLANG_WARN_COMMA = YES;
				CLANG_WARN_CONSTANT_CONVERSION = YES;
				CLANG_WARN_DEPRECATED_OBJC_IMPLEMENTATIONS = YES;
				CLANG_WARN_DIRECT_OBJC_ISA_USAGE = YES_ERROR;
				CLANG_WARN_DOCUMENTATION_COMMENTS = YES;
				CLANG_WARN_EMPTY_BODY = YES;
				CLANG_WARN_ENUM_CONVERSION = YES;
				CLANG_WARN_INFINITE_RECURSION = YES;
				CLANG_WARN_INT_CONVERSION = YES;
				CLANG_WARN_NON_LITERAL_NULL_CONVERSION = YES;
				CLANG_WARN_OBJC_IMPLICIT_RETAIN_SELF = YES;
				CLANG_WARN_OBJC_LITERAL_CONVERSION = YES;
				CLANG_WARN_OBJC_ROOT_CLASS = YES_ERROR;
				CLANG_WARN_QUOTED_INCLUDE_IN_FRAMEWORK_HEADER = YES;
				CLANG_WARN_RANGE_LOOP_ANALYSIS = YES;
				CLANG_WARN_STRICT_PROTOTYPES = YES;
				CLANG_WARN_SUSPICIOUS_MOVE = YES;
				CLANG_WARN_UNGUARDED_AVAILABILITY = YES_AGGRESSIVE;
				CLANG_WARN_UNREACHABLE_CODE = YES;
				CLANG_WARN__DUPLICATE_METHOD_MATCH = YES;
				COPY_PHASE_STRIP = NO;
				DEBUG_INFORMATION_FORMAT = "dwarf-with-dsym";
				ENABLE_NS_ASSERTIONS = NO;
				ENABLE_STRICT_OBJC_MSGSEND = YES;
				ENABLE_USER_SCRIPT_SANDBOXING = YES;
				GCC_C_LANGUAGE_STANDARD = gnu17;
				GCC_NO_COMMON_BLOCKS = YES;
				GCC_WARN_64_TO_32_BIT_CONVERSION = YES;
				GCC_WARN_ABOUT_RETURN_TYPE = YES_ERROR;
				GCC_WARN_UNDECLARED_SELECTOR = YES;
				GCC_WARN_UNINITIALIZED_AUTOS = YES_AGGRESSIVE;
				GCC_WARN_UNUSED_FUNCTION = YES;
				GCC_WARN_UNUSED_VARIABLE = YES;
				IPHONEOS_DEPLOYMENT_TARGET = 15.0;
				LOCALIZATION_PREFERS_STRING_CATALOGS = YES;
				MTL_ENABLE_DEBUG_INFO = NO;
				MTL_FAST_MATH = YES;
				SDKROOT = iphoneos;
				SWIFT_COMPILATION_MODE = wholemodule;
				VALIDATE_PRODUCT = YES;
			};
			name = Release;
		};
		22AD2D582ADF583400B3B1A8 /* Debug */ = {
			isa = XCBuildConfiguration;
			buildSettings = {
				ASSETCATALOG_COMPILER_APPICON_NAME = "AppIcon 2";
				ASSETCATALOG_COMPILER_GLOBAL_ACCENT_COLOR_NAME = AccentColor;
				CODE_SIGN_ENTITLEMENTS = "Push Stand/Push Stand.entitlements";
				CODE_SIGN_IDENTITY = "Apple Development";
				CODE_SIGN_STYLE = Automatic;
				CURRENT_PROJECT_VERSION = 1;
				DEVELOPMENT_TEAM = UBP694KCJY;
				GENERATE_INFOPLIST_FILE = YES;
				INFOPLIST_FILE = "Push Stand/Info.plist";
				INFOPLIST_KEY_CFBundleDisplayName = "Push Stand";
				INFOPLIST_KEY_LSApplicationCategoryType = "public.app-category.entertainment";
				INFOPLIST_KEY_NSContactsUsageDescription = "This app includes features that allow you to invite friends";
				INFOPLIST_KEY_UIApplicationSupportsIndirectInputEvents = YES;
				INFOPLIST_KEY_UILaunchStoryboardName = LaunchScreen;
				INFOPLIST_KEY_UIMainStoryboardFile = Main;
				INFOPLIST_KEY_UISupportedInterfaceOrientations = UIInterfaceOrientationPortrait;
				INFOPLIST_KEY_UISupportedInterfaceOrientations_iPad = "UIInterfaceOrientationLandscapeLeft UIInterfaceOrientationLandscapeRight UIInterfaceOrientationPortrait UIInterfaceOrientationPortraitUpsideDown";
				INFOPLIST_KEY_UIUserInterfaceStyle = Dark;
				LD_RUNPATH_SEARCH_PATHS = (
					"$(inherited)",
					"@executable_path/Frameworks",
				);
				MARKETING_VERSION = 0.36;
				PRODUCT_BUNDLE_IDENTIFIER = com.pushstandllc.pushstand;
				PRODUCT_NAME = "$(TARGET_NAME)";
				PROVISIONING_PROFILE_SPECIFIER = "";
				SWIFT_EMIT_LOC_STRINGS = YES;
				SWIFT_VERSION = 5.0;
				TARGETED_DEVICE_FAMILY = "1,2";
			};
			name = Debug;
		};
		22AD2D592ADF583400B3B1A8 /* Release */ = {
			isa = XCBuildConfiguration;
			buildSettings = {
				ASSETCATALOG_COMPILER_APPICON_NAME = "AppIcon 2";
				ASSETCATALOG_COMPILER_GLOBAL_ACCENT_COLOR_NAME = AccentColor;
				CODE_SIGN_ENTITLEMENTS = "Push Stand/Push Stand.entitlements";
				CODE_SIGN_IDENTITY = "Apple Development";
				CODE_SIGN_STYLE = Automatic;
				CURRENT_PROJECT_VERSION = 1;
				DEVELOPMENT_TEAM = UBP694KCJY;
				GENERATE_INFOPLIST_FILE = YES;
				INFOPLIST_FILE = "Push Stand/Info.plist";
				INFOPLIST_KEY_CFBundleDisplayName = "Push Stand";
				INFOPLIST_KEY_LSApplicationCategoryType = "public.app-category.entertainment";
				INFOPLIST_KEY_NSContactsUsageDescription = "This app includes features that allow you to invite friends";
				INFOPLIST_KEY_UIApplicationSupportsIndirectInputEvents = YES;
				INFOPLIST_KEY_UILaunchStoryboardName = LaunchScreen;
				INFOPLIST_KEY_UIMainStoryboardFile = Main;
				INFOPLIST_KEY_UISupportedInterfaceOrientations = UIInterfaceOrientationPortrait;
				INFOPLIST_KEY_UISupportedInterfaceOrientations_iPad = "UIInterfaceOrientationLandscapeLeft UIInterfaceOrientationLandscapeRight UIInterfaceOrientationPortrait UIInterfaceOrientationPortraitUpsideDown";
				INFOPLIST_KEY_UIUserInterfaceStyle = Dark;
				LD_RUNPATH_SEARCH_PATHS = (
					"$(inherited)",
					"@executable_path/Frameworks",
				);
				MARKETING_VERSION = 0.36;
				PRODUCT_BUNDLE_IDENTIFIER = com.pushstandllc.pushstand;
				PRODUCT_NAME = "$(TARGET_NAME)";
				PROVISIONING_PROFILE_SPECIFIER = "";
				SWIFT_EMIT_LOC_STRINGS = YES;
				SWIFT_VERSION = 5.0;
				TARGETED_DEVICE_FAMILY = "1,2";
			};
			name = Release;
		};
		22AD2D5B2ADF583400B3B1A8 /* Debug */ = {
			isa = XCBuildConfiguration;
			buildSettings = {
				ALWAYS_EMBED_SWIFT_STANDARD_LIBRARIES = YES;
				BUNDLE_LOADER = "$(TEST_HOST)";
				CODE_SIGN_STYLE = Automatic;
				CURRENT_PROJECT_VERSION = 1;
				DEVELOPMENT_TEAM = UBP694KCJY;
				GENERATE_INFOPLIST_FILE = YES;
				IPHONEOS_DEPLOYMENT_TARGET = 17.0;
				MARKETING_VERSION = 1.0;
				PRODUCT_BUNDLE_IDENTIFIER = com.pushstandllc.pushstandtests;
				PRODUCT_NAME = "$(TARGET_NAME)";
				SWIFT_EMIT_LOC_STRINGS = NO;
				SWIFT_VERSION = 5.0;
				TARGETED_DEVICE_FAMILY = "1,2";
				TEST_HOST = "$(BUILT_PRODUCTS_DIR)/Push Stand.app/$(BUNDLE_EXECUTABLE_FOLDER_PATH)/Push Stand";
			};
			name = Debug;
		};
		22AD2D5C2ADF583400B3B1A8 /* Release */ = {
			isa = XCBuildConfiguration;
			buildSettings = {
				ALWAYS_EMBED_SWIFT_STANDARD_LIBRARIES = YES;
				BUNDLE_LOADER = "$(TEST_HOST)";
				CODE_SIGN_STYLE = Automatic;
				CURRENT_PROJECT_VERSION = 1;
				DEVELOPMENT_TEAM = UBP694KCJY;
				GENERATE_INFOPLIST_FILE = YES;
				IPHONEOS_DEPLOYMENT_TARGET = 17.0;
				MARKETING_VERSION = 1.0;
				PRODUCT_BUNDLE_IDENTIFIER = com.pushstandllc.pushstandtests;
				PRODUCT_NAME = "$(TARGET_NAME)";
				SWIFT_EMIT_LOC_STRINGS = NO;
				SWIFT_VERSION = 5.0;
				TARGETED_DEVICE_FAMILY = "1,2";
				TEST_HOST = "$(BUILT_PRODUCTS_DIR)/Push Stand.app/$(BUNDLE_EXECUTABLE_FOLDER_PATH)/Push Stand";
			};
			name = Release;
		};
		22AD2D5E2ADF583400B3B1A8 /* Debug */ = {
			isa = XCBuildConfiguration;
			buildSettings = {
				ALWAYS_EMBED_SWIFT_STANDARD_LIBRARIES = YES;
				CODE_SIGN_STYLE = Automatic;
				CURRENT_PROJECT_VERSION = 1;
				DEVELOPMENT_TEAM = UBP694KCJY;
				GENERATE_INFOPLIST_FILE = YES;
				MARKETING_VERSION = 1.0;
				PRODUCT_BUNDLE_IDENTIFIER = com.pushstandllc.pushstandUITests;
				PRODUCT_NAME = "$(TARGET_NAME)";
				SWIFT_EMIT_LOC_STRINGS = NO;
				SWIFT_VERSION = 5.0;
				TARGETED_DEVICE_FAMILY = "1,2";
				TEST_TARGET_NAME = "Push Stand";
			};
			name = Debug;
		};
		22AD2D5F2ADF583400B3B1A8 /* Release */ = {
			isa = XCBuildConfiguration;
			buildSettings = {
				ALWAYS_EMBED_SWIFT_STANDARD_LIBRARIES = YES;
				CODE_SIGN_STYLE = Automatic;
				CURRENT_PROJECT_VERSION = 1;
				DEVELOPMENT_TEAM = UBP694KCJY;
				GENERATE_INFOPLIST_FILE = YES;
				MARKETING_VERSION = 1.0;
				PRODUCT_BUNDLE_IDENTIFIER = com.pushstandllc.pushstandUITests;
				PRODUCT_NAME = "$(TARGET_NAME)";
				SWIFT_EMIT_LOC_STRINGS = NO;
				SWIFT_VERSION = 5.0;
				TARGETED_DEVICE_FAMILY = "1,2";
				TEST_TARGET_NAME = "Push Stand";
			};
			name = Release;
		};
/* End XCBuildConfiguration section */

/* Begin XCConfigurationList section */
		22AD2D252ADF583000B3B1A8 /* Build configuration list for PBXProject "Push Stand" */ = {
			isa = XCConfigurationList;
			buildConfigurations = (
				22AD2D552ADF583400B3B1A8 /* Debug */,
				22AD2D562ADF583400B3B1A8 /* Release */,
			);
			defaultConfigurationIsVisible = 0;
			defaultConfigurationName = Release;
		};
		22AD2D572ADF583400B3B1A8 /* Build configuration list for PBXNativeTarget "Push Stand" */ = {
			isa = XCConfigurationList;
			buildConfigurations = (
				22AD2D582ADF583400B3B1A8 /* Debug */,
				22AD2D592ADF583400B3B1A8 /* Release */,
			);
			defaultConfigurationIsVisible = 0;
			defaultConfigurationName = Release;
		};
		22AD2D5A2ADF583400B3B1A8 /* Build configuration list for PBXNativeTarget "Push StandTests" */ = {
			isa = XCConfigurationList;
			buildConfigurations = (
				22AD2D5B2ADF583400B3B1A8 /* Debug */,
				22AD2D5C2ADF583400B3B1A8 /* Release */,
			);
			defaultConfigurationIsVisible = 0;
			defaultConfigurationName = Release;
		};
		22AD2D5D2ADF583400B3B1A8 /* Build configuration list for PBXNativeTarget "Push StandUITests" */ = {
			isa = XCConfigurationList;
			buildConfigurations = (
				22AD2D5E2ADF583400B3B1A8 /* Debug */,
				22AD2D5F2ADF583400B3B1A8 /* Release */,
			);
			defaultConfigurationIsVisible = 0;
			defaultConfigurationName = Release;
		};
/* End XCConfigurationList section */

/* Begin XCRemoteSwiftPackageReference section */
		220976EB2B2764450027E6C6 /* XCRemoteSwiftPackageReference "firebase-ios-sdk" */ = {
			isa = XCRemoteSwiftPackageReference;
			repositoryURL = "https://github.com/firebase/firebase-ios-sdk";
			requirement = {
				kind = upToNextMajorVersion;
				minimumVersion = 10.19.0;
			};
		};
/* End XCRemoteSwiftPackageReference section */

/* Begin XCSwiftPackageProductDependency section */
		220976EC2B2764450027E6C6 /* FirebaseAnalytics */ = {
			isa = XCSwiftPackageProductDependency;
			package = 220976EB2B2764450027E6C6 /* XCRemoteSwiftPackageReference "firebase-ios-sdk" */;
			productName = FirebaseAnalytics;
		};
		220976EE2B2764450027E6C6 /* FirebaseAnalyticsOnDeviceConversion */ = {
			isa = XCSwiftPackageProductDependency;
			package = 220976EB2B2764450027E6C6 /* XCRemoteSwiftPackageReference "firebase-ios-sdk" */;
			productName = FirebaseAnalyticsOnDeviceConversion;
		};
		220976F02B2764450027E6C6 /* FirebaseAnalyticsSwift */ = {
			isa = XCSwiftPackageProductDependency;
			package = 220976EB2B2764450027E6C6 /* XCRemoteSwiftPackageReference "firebase-ios-sdk" */;
			productName = FirebaseAnalyticsSwift;
		};
		220976F22B2764450027E6C6 /* FirebaseAuth */ = {
			isa = XCSwiftPackageProductDependency;
			package = 220976EB2B2764450027E6C6 /* XCRemoteSwiftPackageReference "firebase-ios-sdk" */;
			productName = FirebaseAuth;
		};
		220976F42B2764450027E6C6 /* FirebaseFirestore */ = {
			isa = XCSwiftPackageProductDependency;
			package = 220976EB2B2764450027E6C6 /* XCRemoteSwiftPackageReference "firebase-ios-sdk" */;
			productName = FirebaseFirestore;
		};
		220976F62B2764450027E6C6 /* FirebaseStorage */ = {
			isa = XCSwiftPackageProductDependency;
			package = 220976EB2B2764450027E6C6 /* XCRemoteSwiftPackageReference "firebase-ios-sdk" */;
			productName = FirebaseStorage;
		};
		220976F82B2764730027E6C6 /* FirebaseAnalyticsWithoutAdIdSupport */ = {
			isa = XCSwiftPackageProductDependency;
			package = 220976EB2B2764450027E6C6 /* XCRemoteSwiftPackageReference "firebase-ios-sdk" */;
			productName = FirebaseAnalyticsWithoutAdIdSupport;
		};
		22D12AA32B3C762F004880B6 /* FirebaseMessaging */ = {
			isa = XCSwiftPackageProductDependency;
			package = 220976EB2B2764450027E6C6 /* XCRemoteSwiftPackageReference "firebase-ios-sdk" */;
			productName = FirebaseMessaging;
		};
/* End XCSwiftPackageProductDependency section */

/* Begin XCVersionGroup section */
		22AD2D362ADF583000B3B1A8 /* Push_Stand.xcdatamodeld */ = {
			isa = XCVersionGroup;
			children = (
				22AD2D372ADF583000B3B1A8 /* Push_Stand.xcdatamodel */,
			);
			currentVersion = 22AD2D372ADF583000B3B1A8 /* Push_Stand.xcdatamodel */;
			path = Push_Stand.xcdatamodeld;
			sourceTree = "<group>";
			versionGroupType = wrapper.xcdatamodel;
		};
/* End XCVersionGroup section */
	};
	rootObject = 22AD2D222ADF583000B3B1A8 /* Project object */;
}
